<?xml version="1.0" encoding="utf-8"?>
<Project ToolsVersion="4.0" xmlns="http://schemas.microsoft.com/developer/msbuild/2003">
  <ItemGroup>
    <Filter Include="Source Files">
      <UniqueIdentifier>{4FC737F1-C7A5-4376-A066-2A32D752A2FF}</UniqueIdentifier>
      <Extensions>cpp;c;cc;cxx;c++;cppm;ixx;def;odl;idl;hpj;bat;asm;asmx</Extensions>
    </Filter>
    <Filter Include="Header Files">
      <UniqueIdentifier>{93995380-89BD-4b04-88EB-625FBE52EBFB}</UniqueIdentifier>
      <Extensions>h;hh;hpp;hxx;h++;hm;inl;inc;ipp;xsd</Extensions>
    </Filter>
    <Filter Include="Resource Files">
      <UniqueIdentifier>{67DA6AB6-F800-4c08-8B7A-83BB121AAD01}</UniqueIdentifier>
      <Extensions>rc;ico;cur;bmp;dlg;rc2;rct;bin;rgs;gif;jpg;jpeg;jpe;resx;tiff;tif;png;wav;mfcribbon-ms</Extensions>
    </Filter>
    <Filter Include="Header Files\PhysicsAndDynamicsHeaders">
      <UniqueIdentifier>{afb3d183-0a7d-46a2-8ff6-801482fbde69}</UniqueIdentifier>
    </Filter>
    <Filter Include="Header Files\RenderingandSceneHeaders">
      <UniqueIdentifier>{71ecaafb-656b-414f-b5b2-6da3b2da170c}</UniqueIdentifier>
    </Filter>
    <Filter Include="Source Files\PhysicsandDynamicsBody">
      <UniqueIdentifier>{38377a8b-4912-405d-97b4-19a1dba0c556}</UniqueIdentifier>
    </Filter>
    <Filter Include="Source Files\RenderingandSceneBody">
      <UniqueIdentifier>{d16790f8-56a8-4f67-a80a-9305d38ae248}</UniqueIdentifier>
    </Filter>
    <Filter Include="Header Files\GameObjectHeaders">
      <UniqueIdentifier>{e3974d12-e582-4f32-a935-48096ce6d5d0}</UniqueIdentifier>
    </Filter>
    <Filter Include="Source Files\GameObjectBody">
      <UniqueIdentifier>{546b42a3-ffae-4239-a7bd-d3af9260703d}</UniqueIdentifier>
    </Filter>
  </ItemGroup>
  <ItemGroup>
    <ClCompile Include="Source.cpp">
      <Filter>Source Files</Filter>
    </ClCompile>
    <ClCompile Include="SimulationManager.cpp">
      <Filter>Source Files</Filter>
    </ClCompile>
    <ClCompile Include="lookup_table.cpp">
      <Filter>Source Files</Filter>
    </ClCompile>
    <ClCompile Include="ResourceManager.cpp">
      <Filter>Source Files</Filter>
    </ClCompile>
    <ClCompile Include="Animator.cpp">
      <Filter>Source Files\RenderingandSceneBody</Filter>
    </ClCompile>
    <ClCompile Include="AssimpMesh.cpp">
      <Filter>Source Files\RenderingandSceneBody</Filter>
    </ClCompile>
    <ClCompile Include="AssimpModel.cpp">
      <Filter>Source Files\RenderingandSceneBody</Filter>
    </ClCompile>
    <ClCompile Include="AssimpSkeletalAnimation.cpp">
      <Filter>Source Files\RenderingandSceneBody</Filter>
    </ClCompile>
    <ClCompile Include="Bone.cpp">
      <Filter>Source Files\RenderingandSceneBody</Filter>
    </ClCompile>
    <ClCompile Include="Camera.cpp">
      <Filter>Source Files\RenderingandSceneBody</Filter>
    </ClCompile>
    <ClCompile Include="Renderer.cpp">
      <Filter>Source Files\RenderingandSceneBody</Filter>
    </ClCompile>
    <ClCompile Include="Scene.cpp">
      <Filter>Source Files\RenderingandSceneBody</Filter>
    </ClCompile>
    <ClCompile Include="Shader.cpp">
      <Filter>Source Files\RenderingandSceneBody</Filter>
    </ClCompile>
    <ClCompile Include="stb_image.cpp">
      <Filter>Source Files\RenderingandSceneBody</Filter>
    </ClCompile>
    <ClCompile Include="Texture.cpp">
      <Filter>Source Files\RenderingandSceneBody</Filter>
    </ClCompile>
    <ClCompile Include="PhysicsWorld.cpp">
      <Filter>Source Files\PhysicsandDynamicsBody</Filter>
    </ClCompile>
    <ClCompile Include="Collider.cpp">
      <Filter>Source Files\PhysicsandDynamicsBody</Filter>
    </ClCompile>
    <ClCompile Include="RigidBody.cpp">
      <Filter>Source Files\PhysicsandDynamicsBody</Filter>
    </ClCompile>
    <ClCompile Include="GameObject.cpp">
      <Filter>Source Files\GameObjectBody</Filter>
    </ClCompile>
    <ClCompile Include="player.cpp">
      <Filter>Source Files\GameObjectBody</Filter>
    </ClCompile>
    <ClCompile Include="worldMap.cpp">
      <Filter>Source Files\GameObjectBody</Filter>
    </ClCompile>
  </ItemGroup>
  <ItemGroup>
    <ClInclude Include="SimulationManager.h">
      <Filter>Header Files</Filter>
    </ClInclude>
    <ClInclude Include="lookup_table.h">
      <Filter>Header Files</Filter>
    </ClInclude>
    <ClInclude Include="ResourceManager.h">
      <Filter>Header Files</Filter>
    </ClInclude>
    <ClInclude Include="PhysicsWorld.h">
      <Filter>Header Files\PhysicsAndDynamicsHeaders</Filter>
    </ClInclude>
    <ClInclude Include="Renderer.h">
      <Filter>Header Files\RenderingandSceneHeaders</Filter>
    </ClInclude>
    <ClInclude Include="Camera.h">
      <Filter>Header Files\RenderingandSceneHeaders</Filter>
    </ClInclude>
    <ClInclude Include="Bone.h">
      <Filter>Header Files\RenderingandSceneHeaders</Filter>
    </ClInclude>
    <ClInclude Include="Scene.h">
      <Filter>Header Files\RenderingandSceneHeaders</Filter>
    </ClInclude>
    <ClInclude Include="Shader.h">
      <Filter>Header Files\RenderingandSceneHeaders</Filter>
    </ClInclude>
    <ClInclude Include="Texture.h">
      <Filter>Header Files\RenderingandSceneHeaders</Filter>
    </ClInclude>
    <ClInclude Include="AnimationDebug.h">
      <Filter>Header Files\RenderingandSceneHeaders</Filter>
    </ClInclude>
    <ClInclude Include="Animator.h">
      <Filter>Header Files\RenderingandSceneHeaders</Filter>
    </ClInclude>
    <ClInclude Include="assimp_glm_helpers.h">
      <Filter>Header Files\RenderingandSceneHeaders</Filter>
    </ClInclude>
    <ClInclude Include="AssimpMesh.h">
      <Filter>Header Files\RenderingandSceneHeaders</Filter>
    </ClInclude>
    <ClInclude Include="AssimpModel.h">
      <Filter>Header Files\RenderingandSceneHeaders</Filter>
    </ClInclude>
    <ClInclude Include="AssimpSkeletalAnimation.h">
      <Filter>Header Files\RenderingandSceneHeaders</Filter>
    </ClInclude>
    <ClInclude Include="testingBoxMeshFunctions.h">
      <Filter>Header Files</Filter>
    </ClInclude>
    <ClInclude Include="Collider.h">
      <Filter>Header Files\PhysicsAndDynamicsHeaders</Filter>
    </ClInclude>
    <ClInclude Include="RigidBody.h">
      <Filter>Header Files\PhysicsAndDynamicsHeaders</Filter>
    </ClInclude>
    <ClInclude Include="GameObject.h">
      <Filter>Header Files\GameObjectHeaders</Filter>
    </ClInclude>
    <ClInclude Include="player.h">
      <Filter>Header Files\GameObjectHeaders</Filter>
    </ClInclude>
    <ClInclude Include="worldMap.h">
      <Filter>Header Files\GameObjectHeaders</Filter>
    </ClInclude>
  </ItemGroup>
  <ItemGroup>
    <None Include="Shaders\3.3.shader.fs">
      <Filter>Resource Files</Filter>
    </None>
    <None Include="Shaders\3.3.shader.vs">
      <Filter>Resource Files</Filter>
    </None>
    <None Include="Shaders\ModelShader.fs">
      <Filter>Resource Files</Filter>
    </None>
    <None Include="Shaders\Modelshader.vs">
      <Filter>Resource Files</Filter>
    </None>
    <None Include="Shaders\AnimationShader.vs">
      <Filter>Resource Files</Filter>
    </None>
    <None Include="Shaders\AnimationShader.fs">
      <Filter>Resource Files</Filter>
    </None>
    <None Include="Shaders\PhongLightShader.fs">
      <Filter>Resource Files</Filter>
    </None>
    <None Include="Shaders\PhongLightShader.vs">
      <Filter>Resource Files</Filter>
    </None>
    <None Include="Shaders\LightAndAnimationShader.fs">
      <Filter>Resource Files</Filter>
    </None>
    <None Include="Shaders\LightAndAnimationShader.vs">
      <Filter>Resource Files</Filter>
    </None>
    <None Include="Shaders\PhysicsTestShader.fs">
      <Filter>Resource Files</Filter>
    </None>
    <None Include="Shaders\PhysicsTestShader.vs">
      <Filter>Resource Files</Filter>
    </None>
  </ItemGroup>
</Project>